
Microsoft Visual Studio Solution File, Format Version 12.00
# Visual Studio Version 17
VisualStudioVersion = 17.12.35527.113 d17.12
MinimumVisualStudioVersion = 10.0.40219.1
Project("{FAE04EC0-301F-11D3-BF4B-00C04F79EFBC}") = "BookingApp.Data", "BookingApp.Data\BookingApp.Data.csproj", "{60AE347D-695A-4670-94CF-5839BB44DDEC}"
EndProject
Project("{FAE04EC0-301F-11D3-BF4B-00C04F79EFBC}") = "BookingApp.Business", "BookingApp.Business\BookingApp.Business.csproj", "{2E390ABF-3A5A-4A11-BEB4-C6872AFBF311}"
EndProject
Project("{FAE04EC0-301F-11D3-BF4B-00C04F79EFBC}") = "BookingApp.WebApi", "BookingApp.WebApi\BookingApp.WebApi.csproj", "{38DD0B04-D377-4090-86EF-B546757856B2}"
EndProject
Global
	GlobalSection(SolutionConfigurationPlatforms) = preSolution
		Debug|Any CPU = Debug|Any CPU
		Release|Any CPU = Release|Any CPU
	EndGlobalSection
	GlobalSection(ProjectConfigurationPlatforms) = postSolution
		{60AE347D-695A-4670-94CF-5839BB44DDEC}.Debug|Any CPU.ActiveCfg = Debug|Any CPU
		{60AE347D-695A-4670-94CF-5839BB44DDEC}.Debug|Any CPU.Build.0 = Debug|Any CPU
		{60AE347D-695A-4670-94CF-5839BB44DDEC}.Release|Any CPU.ActiveCfg = Release|Any CPU
		{60AE347D-695A-4670-94CF-5839BB44DDEC}.Release|Any CPU.Build.0 = Release|Any CPU
		{2E390ABF-3A5A-4A11-BEB4-C6872AFBF311}.Debug|Any CPU.ActiveCfg = Debug|Any CPU
		{2E390ABF-3A5A-4A11-BEB4-C6872AFBF311}.Debug|Any CPU.Build.0 = Debug|Any CPU
		{2E390ABF-3A5A-4A11-BEB4-C6872AFBF311}.Release|Any CPU.ActiveCfg = Release|Any CPU
		{2E390ABF-3A5A-4A11-BEB4-C6872AFBF311}.Release|Any CPU.Build.0 = Release|Any CPU
		{38DD0B04-D377-4090-86EF-B546757856B2}.Debug|Any CPU.ActiveCfg = Debug|Any CPU
		{38DD0B04-D377-4090-86EF-B546757856B2}.Debug|Any CPU.Build.0 = Debug|Any CPU
		{38DD0B04-D377-4090-86EF-B546757856B2}.Release|Any CPU.ActiveCfg = Release|Any CPU
		{38DD0B04-D377-4090-86EF-B546757856B2}.Release|Any CPU.Build.0 = Release|Any CPU
	EndGlobalSection
	GlobalSection(SolutionProperties) = preSolution
		HideSolutionNode = FALSE
	EndGlobalSection
EndGlobal
